
Microsoft Visual Studio Solution File, Format Version 12.00
# Visual Studio Version 17
VisualStudioVersion = 17.2.32602.215
MinimumVisualStudioVersion = 10.0.40219.1
Project("{FAE04EC0-301F-11D3-BF4B-00C04F79EFBC}") = "TAV_Demo", "TAV_Demo\TAV_Demo.csproj", "{846B2AA5-184D-41F9-A273-45BBA5785D5C}"
EndProject
Global
	GlobalSection(SolutionConfigurationPlatforms) = preSolution
		Debug|Any CPU = Debug|Any CPU
		Release|Any CPU = Release|Any CPU
	EndGlobalSection
	GlobalSection(ProjectConfigurationPlatforms) = postSolution
		{846B2AA5-184D-41F9-A273-45BBA5785D5C}.Debug|Any CPU.ActiveCfg = Debug|Any CPU
		{846B2AA5-184D-41F9-A273-45BBA5785D5C}.Debug|Any CPU.Build.0 = Debug|Any CPU
		{846B2AA5-184D-41F9-A273-45BBA5785D5C}.Release|Any CPU.ActiveCfg = Release|Any CPU
		{846B2AA5-184D-41F9-A273-45BBA5785D5C}.Release|Any CPU.Build.0 = Release|Any CPU
	EndGlobalSection
	GlobalSection(SolutionProperties) = preSolution
		HideSolutionNode = FALSE
	EndGlobalSection
	GlobalSection(ExtensibilityGlobals) = postSolution
		SolutionGuid = {1FBBF954-CC8B-486F-AFB7-378C565B4690}
	EndGlobalSection
EndGlobal
